
Microsoft Visual Studio Solution File, Format Version 12.00
# Visual Studio Version 17
VisualStudioVersion = 17.8.34330.188
MinimumVisualStudioVersion = 10.0.40219.1
Project("{FAE04EC0-301F-11D3-BF4B-00C04F79EFBC}") = "MvcTraining", "MvcTraining\MvcTraining.csproj", "{B3FB12E8-6CA9-44FF-9D6E-DD50129F9C8A}"
EndProject
Global
	GlobalSection(SolutionConfigurationPlatforms) = preSolution
		Debug|Any CPU = Debug|Any CPU
		Release|Any CPU = Release|Any CPU
	EndGlobalSection
	GlobalSection(ProjectConfigurationPlatforms) = postSolution
		{B3FB12E8-6CA9-44FF-9D6E-DD50129F9C8A}.Debug|Any CPU.ActiveCfg = Debug|Any CPU
		{B3FB12E8-6CA9-44FF-9D6E-DD50129F9C8A}.Debug|Any CPU.Build.0 = Debug|Any CPU
		{B3FB12E8-6CA9-44FF-9D6E-DD50129F9C8A}.Release|Any CPU.ActiveCfg = Release|Any CPU
		{B3FB12E8-6CA9-44FF-9D6E-DD50129F9C8A}.Release|Any CPU.Build.0 = Release|Any CPU
	EndGlobalSection
	GlobalSection(SolutionProperties) = preSolution
		HideSolutionNode = FALSE
	EndGlobalSection
	GlobalSection(ExtensibilityGlobals) = postSolution
		SolutionGuid = {60974E84-7CE4-4AAA-B3BB-303BB708CF80}
	EndGlobalSection
EndGlobal
